
Microsoft Visual Studio Solution File, Format Version 12.00
# Visual Studio Version 17
VisualStudioVersion = 17.7.34221.43
MinimumVisualStudioVersion = 10.0.40219.1
Project("{FAE04EC0-301F-11D3-BF4B-00C04F79EFBC}") = "SalesWebMvc", "SalesWebMvc\SalesWebMvc.csproj", "{91B5A175-CE7E-4F40-BCE1-AB1F9CE08B1D}"
EndProject
Global
	GlobalSection(SolutionConfigurationPlatforms) = preSolution
		Debug|Any CPU = Debug|Any CPU
		Release|Any CPU = Release|Any CPU
	EndGlobalSection
	GlobalSection(ProjectConfigurationPlatforms) = postSolution
		{91B5A175-CE7E-4F40-BCE1-AB1F9CE08B1D}.Debug|Any CPU.ActiveCfg = Debug|Any CPU
		{91B5A175-CE7E-4F40-BCE1-AB1F9CE08B1D}.Debug|Any CPU.Build.0 = Debug|Any CPU
		{91B5A175-CE7E-4F40-BCE1-AB1F9CE08B1D}.Release|Any CPU.ActiveCfg = Release|Any CPU
		{91B5A175-CE7E-4F40-BCE1-AB1F9CE08B1D}.Release|Any CPU.Build.0 = Release|Any CPU
	EndGlobalSection
	GlobalSection(SolutionProperties) = preSolution
		HideSolutionNode = FALSE
	EndGlobalSection
	GlobalSection(ExtensibilityGlobals) = postSolution
		SolutionGuid = {42C61B99-2A94-4B96-8FDF-D2510AF343CA}
	EndGlobalSection
EndGlobal
